
Microsoft Visual Studio Solution File, Format Version 12.00
# Visual Studio 15
VisualStudioVersion = 15.0.28010.2046
MinimumVisualStudioVersion = 10.0.40219.1
Project("{FAE04EC0-301F-11D3-BF4B-00C04F79EFBC}") = "AliceInWonderland", "AliceInWonderland\AliceInWonderland.csproj", "{672F3220-95FC-4EB5-A5C8-532D97F0FAAA}"
EndProject
Global
	GlobalSection(SolutionConfigurationPlatforms) = preSolution
		Debug|Any CPU = Debug|Any CPU
		Release|Any CPU = Release|Any CPU
	EndGlobalSection
	GlobalSection(ProjectConfigurationPlatforms) = postSolution
		{672F3220-95FC-4EB5-A5C8-532D97F0FAAA}.Debug|Any CPU.ActiveCfg = Debug|Any CPU
		{672F3220-95FC-4EB5-A5C8-532D97F0FAAA}.Debug|Any CPU.Build.0 = Debug|Any CPU
		{672F3220-95FC-4EB5-A5C8-532D97F0FAAA}.Release|Any CPU.ActiveCfg = Release|Any CPU
		{672F3220-95FC-4EB5-A5C8-532D97F0FAAA}.Release|Any CPU.Build.0 = Release|Any CPU
	EndGlobalSection
	GlobalSection(SolutionProperties) = preSolution
		HideSolutionNode = FALSE
	EndGlobalSection
	GlobalSection(ExtensibilityGlobals) = postSolution
		SolutionGuid = {BD1FBC80-47B3-43CF-A692-C1DBA9C61FBE}
	EndGlobalSection
EndGlobal
